// !$*UTF8*$!
{
	archiveVersion = 1;
	classes = {
	};
	objectVersion = 50;
	objects = {

/* Begin PBXBuildFile section */
		6F10AAF1270DAE2D0019EB87 /* AppDelegate.swift in Sources */ = {isa = PBXBuildFile; fileRef = 6F10AAF0270DAE2D0019EB87 /* AppDelegate.swift */; };
		6F10AAF3270DAE2D0019EB87 /* SceneDelegate.swift in Sources */ = {isa = PBXBuildFile; fileRef = 6F10AAF2270DAE2D0019EB87 /* SceneDelegate.swift */; };
		6F10AAF5270DAE2D0019EB87 /* ViewController.swift in Sources */ = {isa = PBXBuildFile; fileRef = 6F10AAF4270DAE2D0019EB87 /* ViewController.swift */; };
		6F10AAF8270DAE2D0019EB87 /* Main.storyboard in Resources */ = {isa = PBXBuildFile; fileRef = 6F10AAF6270DAE2D0019EB87 /* Main.storyboard */; };
		6F10AAFA270DAE2D0019EB87 /* Assets.xcassets in Resources */ = {isa = PBXBuildFile; fileRef = 6F10AAF9270DAE2D0019EB87 /* Assets.xcassets */; };
		6F10AAFD270DAE2D0019EB87 /* LaunchScreen.storyboard in Resources */ = {isa = PBXBuildFile; fileRef = 6F10AAFB270DAE2D0019EB87 /* LaunchScreen.storyboard */; };
		6F10AB08270DAE2D0019EB87 /* _9th_iOS_week1_homeworkTests.swift in Sources */ = {isa = PBXBuildFile; fileRef = 6F10AB07270DAE2D0019EB87 /* _9th_iOS_week1_homeworkTests.swift */; };
		6F10AB13270DAE2D0019EB87 /* _9th_iOS_week1_homeworkUITests.swift in Sources */ = {isa = PBXBuildFile; fileRef = 6F10AB12270DAE2D0019EB87 /* _9th_iOS_week1_homeworkUITests.swift */; };
		6F10AB21270DAF050019EB87 /* JoinViewController.swift in Sources */ = {isa = PBXBuildFile; fileRef = 6F10AB20270DAF050019EB87 /* JoinViewController.swift */; };
		6F10AB23270DAF640019EB87 /* CheckViewController.swift in Sources */ = {isa = PBXBuildFile; fileRef = 6F10AB22270DAF640019EB87 /* CheckViewController.swift */; };
/* End PBXBuildFile section */

/* Begin PBXContainerItemProxy section */
		6F10AB04270DAE2D0019EB87 /* PBXContainerItemProxy */ = {
			isa = PBXContainerItemProxy;
			containerPortal = 6F10AAE5270DAE2D0019EB87 /* Project object */;
			proxyType = 1;
			remoteGlobalIDString = 6F10AAEC270DAE2D0019EB87;
			remoteInfo = "29th-iOS-week1-homework";
		};
		6F10AB0F270DAE2D0019EB87 /* PBXContainerItemProxy */ = {
			isa = PBXContainerItemProxy;
			containerPortal = 6F10AAE5270DAE2D0019EB87 /* Project object */;
			proxyType = 1;
			remoteGlobalIDString = 6F10AAEC270DAE2D0019EB87;
			remoteInfo = "29th-iOS-week1-homework";
		};
/* End PBXContainerItemProxy section */

/* Begin PBXFileReference section */
		6F10AAED270DAE2D0019EB87 /* 29th-iOS-week1-homework.app */ = {isa = PBXFileReference; explicitFileType = wrapper.application; includeInIndex = 0; path = "29th-iOS-week1-homework.app"; sourceTree = BUILT_PRODUCTS_DIR; };
		6F10AAF0270DAE2D0019EB87 /* AppDelegate.swift */ = {isa = PBXFileReference; lastKnownFileType = sourcecode.swift; path = AppDelegate.swift; sourceTree = "<group>"; };
		6F10AAF2270DAE2D0019EB87 /* SceneDelegate.swift */ = {isa = PBXFileReference; lastKnownFileType = sourcecode.swift; path = SceneDelegate.swift; sourceTree = "<group>"; };
		6F10AAF4270DAE2D0019EB87 /* ViewController.swift */ = {isa = PBXFileReference; lastKnownFileType = sourcecode.swift; path = ViewController.swift; sourceTree = "<group>"; };
		6F10AAF7270DAE2D0019EB87 /* Base */ = {isa = PBXFileReference; lastKnownFileType = file.storyboard; name = Base; path = Base.lproj/Main.storyboard; sourceTree = "<group>"; };
		6F10AAF9270DAE2D0019EB87 /* Assets.xcassets */ = {isa = PBXFileReference; lastKnownFileType = folder.assetcatalog; path = Assets.xcassets; sourceTree = "<group>"; };
		6F10AAFC270DAE2D0019EB87 /* Base */ = {isa = PBXFileReference; lastKnownFileType = file.storyboard; name = Base; path = Base.lproj/LaunchScreen.storyboard; sourceTree = "<group>"; };
		6F10AAFE270DAE2D0019EB87 /* Info.plist */ = {isa = PBXFileReference; lastKnownFileType = text.plist.xml; path = Info.plist; sourceTree = "<group>"; };
		6F10AB03270DAE2D0019EB87 /* 29th-iOS-week1-homeworkTests.xctest */ = {isa = PBXFileReference; explicitFileType = wrapper.cfbundle; includeInIndex = 0; path = "29th-iOS-week1-homeworkTests.xctest"; sourceTree = BUILT_PRODUCTS_DIR; };
		6F10AB07270DAE2D0019EB87 /* _9th_iOS_week1_homeworkTests.swift */ = {isa = PBXFileReference; lastKnownFileType = sourcecode.swift; path = _9th_iOS_week1_homeworkTests.swift; sourceTree = "<group>"; };
		6F10AB09270DAE2D0019EB87 /* Info.plist */ = {isa = PBXFileReference; lastKnownFileType = text.plist.xml; path = Info.plist; sourceTree = "<group>"; };
		6F10AB0E270DAE2D0019EB87 /* 29th-iOS-week1-homeworkUITests.xctest */ = {isa = PBXFileReference; explicitFileType = wrapper.cfbundle; includeInIndex = 0; path = "29th-iOS-week1-homeworkUITests.xctest"; sourceTree = BUILT_PRODUCTS_DIR; };
		6F10AB12270DAE2D0019EB87 /* _9th_iOS_week1_homeworkUITests.swift */ = {isa = PBXFileReference; lastKnownFileType = sourcecode.swift; path = _9th_iOS_week1_homeworkUITests.swift; sourceTree = "<group>"; };
		6F10AB14270DAE2D0019EB87 /* Info.plist */ = {isa = PBXFileReference; lastKnownFileType = text.plist.xml; path = Info.plist; sourceTree = "<group>"; };
		6F10AB20270DAF050019EB87 /* JoinViewController.swift */ = {isa = PBXFileReference; lastKnownFileType = sourcecode.swift; path = JoinViewController.swift; sourceTree = "<group>"; };
		6F10AB22270DAF640019EB87 /* CheckViewController.swift */ = {isa = PBXFileReference; lastKnownFileType = sourcecode.swift; path = CheckViewController.swift; sourceTree = "<group>"; };
/* End PBXFileReference section */

/* Begin PBXFrameworksBuildPhase section */
		6F10AAEA270DAE2D0019EB87 /* Frameworks */ = {
			isa = PBXFrameworksBuildPhase;
			buildActionMask = 2147483647;
			files = (
			);
			runOnlyForDeploymentPostprocessing = 0;
		};
		6F10AB00270DAE2D0019EB87 /* Frameworks */ = {
			isa = PBXFrameworksBuildPhase;
			buildActionMask = 2147483647;
			files = (
			);
			runOnlyForDeploymentPostprocessing = 0;
		};
		6F10AB0B270DAE2D0019EB87 /* Frameworks */ = {
			isa = PBXFrameworksBuildPhase;
			buildActionMask = 2147483647;
			files = (
			);
			runOnlyForDeploymentPostprocessing = 0;
		};
/* End PBXFrameworksBuildPhase section */

/* Begin PBXGroup section */
		6F10AAE4270DAE2D0019EB87 = {
			isa = PBXGroup;
			children = (
				6F10AAEF270DAE2D0019EB87 /* 29th-iOS-week1-homework */,
				6F10AB06270DAE2D0019EB87 /* 29th-iOS-week1-homeworkTests */,
				6F10AB11270DAE2D0019EB87 /* 29th-iOS-week1-homeworkUITests */,
				6F10AAEE270DAE2D0019EB87 /* Products */,
			);
			sourceTree = "<group>";
		};
		6F10AAEE270DAE2D0019EB87 /* Products */ = {
			isa = PBXGroup;
			children = (
				6F10AAED270DAE2D0019EB87 /* 29th-iOS-week1-homework.app */,
				6F10AB03270DAE2D0019EB87 /* 29th-iOS-week1-homeworkTests.xctest */,
				6F10AB0E270DAE2D0019EB87 /* 29th-iOS-week1-homeworkUITests.xctest */,
			);
			name = Products;
			sourceTree = "<group>";
		};
		6F10AAEF270DAE2D0019EB87 /* 29th-iOS-week1-homework */ = {
			isa = PBXGroup;
			children = (
				6F10AAF0270DAE2D0019EB87 /* AppDelegate.swift */,
				6F10AAF2270DAE2D0019EB87 /* SceneDelegate.swift */,
				6F10AAF6270DAE2D0019EB87 /* Main.storyboard */,
				6F10AAF4270DAE2D0019EB87 /* ViewController.swift */,
				6F10AB22270DAF640019EB87 /* CheckViewController.swift */,
				6F10AB20270DAF050019EB87 /* JoinViewController.swift */,
				6F10AAF9270DAE2D0019EB87 /* Assets.xcassets */,
				6F10AAFB270DAE2D0019EB87 /* LaunchScreen.storyboard */,
				6F10AAFE270DAE2D0019EB87 /* Info.plist */,
			);
			path = "29th-iOS-week1-homework";
			sourceTree = "<group>";
		};
		6F10AB06270DAE2D0019EB87 /* 29th-iOS-week1-homeworkTests */ = {
			isa = PBXGroup;
			children = (
				6F10AB07270DAE2D0019EB87 /* _9th_iOS_week1_homeworkTests.swift */,
				6F10AB09270DAE2D0019EB87 /* Info.plist */,
			);
			path = "29th-iOS-week1-homeworkTests";
			sourceTree = "<group>";
		};
		6F10AB11270DAE2D0019EB87 /* 29th-iOS-week1-homeworkUITests */ = {
			isa = PBXGroup;
			children = (
				6F10AB12270DAE2D0019EB87 /* _9th_iOS_week1_homeworkUITests.swift */,
				6F10AB14270DAE2D0019EB87 /* Info.plist */,
			);
			path = "29th-iOS-week1-homeworkUITests";
			sourceTree = "<group>";
		};
/* End PBXGroup section */

/* Begin PBXNativeTarget section */
		6F10AAEC270DAE2D0019EB87 /* 29th-iOS-week1-homework */ = {
			isa = PBXNativeTarget;
			buildConfigurationList = 6F10AB17270DAE2D0019EB87 /* Build configuration list for PBXNativeTarget "29th-iOS-week1-homework" */;
			buildPhases = (
				6F10AAE9270DAE2D0019EB87 /* Sources */,
				6F10AAEA270DAE2D0019EB87 /* Frameworks */,
				6F10AAEB270DAE2D0019EB87 /* Resources */,
			);
			buildRules = (
			);
			dependencies = (
			);
			name = "29th-iOS-week1-homework";
			productName = "29th-iOS-week1-homework";
			productReference = 6F10AAED270DAE2D0019EB87 /* 29th-iOS-week1-homework.app */;
			productType = "com.apple.product-type.application";
		};
		6F10AB02270DAE2D0019EB87 /* 29th-iOS-week1-homeworkTests */ = {
			isa = PBXNativeTarget;
			buildConfigurationList = 6F10AB1A270DAE2D0019EB87 /* Build configuration list for PBXNativeTarget "29th-iOS-week1-homeworkTests" */;
			buildPhases = (
				6F10AAFF270DAE2D0019EB87 /* Sources */,
				6F10AB00270DAE2D0019EB87 /* Frameworks */,
				6F10AB01270DAE2D0019EB87 /* Resources */,
			);
			buildRules = (
			);
			dependencies = (
				6F10AB05270DAE2D0019EB87 /* PBXTargetDependency */,
			);
			name = "29th-iOS-week1-homeworkTests";
			productName = "29th-iOS-week1-homeworkTests";
			productReference = 6F10AB03270DAE2D0019EB87 /* 29th-iOS-week1-homeworkTests.xctest */;
			productType = "com.apple.product-type.bundle.unit-test";
		};
		6F10AB0D270DAE2D0019EB87 /* 29th-iOS-week1-homeworkUITests */ = {
			isa = PBXNativeTarget;
			buildConfigurationList = 6F10AB1D270DAE2D0019EB87 /* Build configuration list for PBXNativeTarget "29th-iOS-week1-homeworkUITests" */;
			buildPhases = (
				6F10AB0A270DAE2D0019EB87 /* Sources */,
				6F10AB0B270DAE2D0019EB87 /* Frameworks */,
				6F10AB0C270DAE2D0019EB87 /* Resources */,
			);
			buildRules = (
			);
			dependencies = (
				6F10AB10270DAE2D0019EB87 /* PBXTargetDependency */,
			);
			name = "29th-iOS-week1-homeworkUITests";
			productName = "29th-iOS-week1-homeworkUITests";
			productReference = 6F10AB0E270DAE2D0019EB87 /* 29th-iOS-week1-homeworkUITests.xctest */;
			productType = "com.apple.product-type.bundle.ui-testing";
		};
/* End PBXNativeTarget section */

/* Begin PBXProject section */
		6F10AAE5270DAE2D0019EB87 /* Project object */ = {
			isa = PBXProject;
			attributes = {
				LastSwiftUpdateCheck = 1250;
				LastUpgradeCheck = 1250;
				TargetAttributes = {
					6F10AAEC270DAE2D0019EB87 = {
						CreatedOnToolsVersion = 12.5;
					};
					6F10AB02270DAE2D0019EB87 = {
						CreatedOnToolsVersion = 12.5;
						TestTargetID = 6F10AAEC270DAE2D0019EB87;
					};
					6F10AB0D270DAE2D0019EB87 = {
						CreatedOnToolsVersion = 12.5;
						TestTargetID = 6F10AAEC270DAE2D0019EB87;
					};
				};
			};
			buildConfigurationList = 6F10AAE8270DAE2D0019EB87 /* Build configuration list for PBXProject "29th-iOS-week1-homework" */;
			compatibilityVersion = "Xcode 9.3";
			developmentRegion = en;
			hasScannedForEncodings = 0;
			knownRegions = (
				en,
				Base,
			);
			mainGroup = 6F10AAE4270DAE2D0019EB87;
			productRefGroup = 6F10AAEE270DAE2D0019EB87 /* Products */;
			projectDirPath = "";
			projectRoot = "";
			targets = (
				6F10AAEC270DAE2D0019EB87 /* 29th-iOS-week1-homework */,
				6F10AB02270DAE2D0019EB87 /* 29th-iOS-week1-homeworkTests */,
				6F10AB0D270DAE2D0019EB87 /* 29th-iOS-week1-homeworkUITests */,
			);
		};
/* End PBXProject section */

/* Begin PBXResourcesBuildPhase section */
		6F10AAEB270DAE2D0019EB87 /* Resources */ = {
			isa = PBXResourcesBuildPhase;
			buildActionMask = 2147483647;
			files = (
				6F10AAFD270DAE2D0019EB87 /* LaunchScreen.storyboard in Resources */,
				6F10AAFA270DAE2D0019EB87 /* Assets.xcassets in Resources */,
				6F10AAF8270DAE2D0019EB87 /* Main.storyboard in Resources */,
			);
			runOnlyForDeploymentPostprocessing = 0;
		};
		6F10AB01270DAE2D0019EB87 /* Resources */ = {
			isa = PBXResourcesBuildPhase;
			buildActionMask = 2147483647;
			files = (
			);
			runOnlyForDeploymentPostprocessing = 0;
		};
		6F10AB0C270DAE2D0019EB87 /* Resources */ = {
			isa = PBXResourcesBuildPhase;
			buildActionMask = 2147483647;
			files = (
			);
			runOnlyForDeploymentPostprocessing = 0;
		};
/* End PBXResourcesBuildPhase section */

/* Begin PBXSourcesBuildPhase section */
		6F10AAE9270DAE2D0019EB87 /* Sources */ = {
			isa = PBXSourcesBuildPhase;
			buildActionMask = 2147483647;
			files = (
				6F10AAF5270DAE2D0019EB87 /* ViewController.swift in Sources */,
				6F10AAF1270DAE2D0019EB87 /* AppDelegate.swift in Sources */,
				6F10AB21270DAF050019EB87 /* JoinViewController.swift in Sources */,
				6F10AB23270DAF640019EB87 /* CheckViewController.swift in Sources */,
				6F10AAF3270DAE2D0019EB87 /* SceneDelegate.swift in Sources */,
			);
			runOnlyForDeploymentPostprocessing = 0;
		};
		6F10AAFF270DAE2D0019EB87 /* Sources */ = {
			isa = PBXSourcesBuildPhase;
			buildActionMask = 2147483647;
			files = (
				6F10AB08270DAE2D0019EB87 /* _9th_iOS_week1_homeworkTests.swift in Sources */,
			);
			runOnlyForDeploymentPostprocessing = 0;
		};
		6F10AB0A270DAE2D0019EB87 /* Sources */ = {
			isa = PBXSourcesBuildPhase;
			buildActionMask = 2147483647;
			files = (
				6F10AB13270DAE2D0019EB87 /* _9th_iOS_week1_homeworkUITests.swift in Sources */,
			);
			runOnlyForDeploymentPostprocessing = 0;
		};
/* End PBXSourcesBuildPhase section */

/* Begin PBXTargetDependency section */
		6F10AB05270DAE2D0019EB87 /* PBXTargetDependency */ = {
			isa = PBXTargetDependency;
			target = 6F10AAEC270DAE2D0019EB87 /* 29th-iOS-week1-homework */;
			targetProxy = 6F10AB04270DAE2D0019EB87 /* PBXContainerItemProxy */;
		};
		6F10AB10270DAE2D0019EB87 /* PBXTargetDependency */ = {
			isa = PBXTargetDependency;
			target = 6F10AAEC270DAE2D0019EB87 /* 29th-iOS-week1-homework */;
			targetProxy = 6F10AB0F270DAE2D0019EB87 /* PBXContainerItemProxy */;
		};
/* End PBXTargetDependency section */

/* Begin PBXVariantGroup section */
		6F10AAF6270DAE2D0019EB87 /* Main.storyboard */ = {
			isa = PBXVariantGroup;
			children = (
				6F10AAF7270DAE2D0019EB87 /* Base */,
			);
			name = Main.storyboard;
			sourceTree = "<group>";
		};
		6F10AAFB270DAE2D0019EB87 /* LaunchScreen.storyboard */ = {
			isa = PBXVariantGroup;
			children = (
				6F10AAFC270DAE2D0019EB87 /* Base */,
			);
			name = LaunchScreen.storyboard;
			sourceTree = "<group>";
		};
/* End PBXVariantGroup section */

/* Begin XCBuildConfiguration section */
		6F10AB15270DAE2D0019EB87 /* Debug */ = {
			isa = XCBuildConfiguration;
			buildSettings = {
				ALWAYS_SEARCH_USER_PATHS = NO;
				CLANG_ANALYZER_NONNULL = YES;
				CLANG_ANALYZER_NUMBER_OBJECT_CONVERSION = YES_AGGRESSIVE;
				CLANG_CXX_LANGUAGE_STANDARD = "gnu++14";
				CLANG_CXX_LIBRARY = "libc++";
				CLANG_ENABLE_MODULES = YES;
				CLANG_ENABLE_OBJC_ARC = YES;
				CLANG_ENABLE_OBJC_WEAK = YES;
				CLANG_WARN_BLOCK_CAPTURE_AUTORELEASING = YES;
				CLANG_WARN_BOOL_CONVERSION = YES;
				CLANG_WARN_COMMA = YES;
				CLANG_WARN_CONSTANT_CONVERSION = YES;
				CLANG_WARN_DEPRECATED_OBJC_IMPLEMENTATIONS = YES;
				CLANG_WARN_DIRECT_OBJC_ISA_USAGE = YES_ERROR;
				CLANG_WARN_DOCUMENTATION_COMMENTS = YES;
				CLANG_WARN_EMPTY_BODY = YES;
				CLANG_WARN_ENUM_CONVERSION = YES;
				CLANG_WARN_INFINITE_RECURSION = YES;
				CLANG_WARN_INT_CONVERSION = YES;
				CLANG_WARN_NON_LITERAL_NULL_CONVERSION = YES;
				CLANG_WARN_OBJC_IMPLICIT_RETAIN_SELF = YES;
				CLANG_WARN_OBJC_LITERAL_CONVERSION = YES;
				CLANG_WARN_OBJC_ROOT_CLASS = YES_ERROR;
				CLANG_WARN_QUOTED_INCLUDE_IN_FRAMEWORK_HEADER = YES;
				CLANG_WARN_RANGE_LOOP_ANALYSIS = YES;
				CLANG_WARN_STRICT_PROTOTYPES = YES;
				CLANG_WARN_SUSPICIOUS_MOVE = YES;
				CLANG_WARN_UNGUARDED_AVAILABILITY = YES_AGGRESSIVE;
				CLANG_WARN_UNREACHABLE_CODE = YES;
				CLANG_WARN__DUPLICATE_METHOD_MATCH = YES;
				COPY_PHASE_STRIP = NO;
				DEBUG_INFORMATION_FORMAT = dwarf;
				ENABLE_STRICT_OBJC_MSGSEND = YES;
				ENABLE_TESTABILITY = YES;
				GCC_C_LANGUAGE_STANDARD = gnu11;
				GCC_DYNAMIC_NO_PIC = NO;
				GCC_NO_COMMON_BLOCKS = YES;
				GCC_OPTIMIZATION_LEVEL = 0;
				GCC_PREPROCESSOR_DEFINITIONS = (
					"DEBUG=1",
					"$(inherited)",
				);
				GCC_WARN_64_TO_32_BIT_CONVERSION = YES;
				GCC_WARN_ABOUT_RETURN_TYPE = YES_ERROR;
				GCC_WARN_UNDECLARED_SELECTOR = YES;
				GCC_WARN_UNINITIALIZED_AUTOS = YES_AGGRESSIVE;
				GCC_WARN_UNUSED_FUNCTION = YES;
				GCC_WARN_UNUSED_VARIABLE = YES;
				IPHONEOS_DEPLOYMENT_TARGET = 14.5;
				MTL_ENABLE_DEBUG_INFO = INCLUDE_SOURCE;
				MTL_FAST_MATH = YES;
				ONLY_ACTIVE_ARCH = YES;
				SDKROOT = iphoneos;
				SWIFT_ACTIVE_COMPILATION_CONDITIONS = DEBUG;
				SWIFT_OPTIMIZATION_LEVEL = "-Onone";
			};
			name = Debug;
		};
		6F10AB16270DAE2D0019EB87 /* Release */ = {
			isa = XCBuildConfiguration;
			buildSettings = {
				ALWAYS_SEARCH_USER_PATHS = NO;
				CLANG_ANALYZER_NONNULL = YES;
				CLANG_ANALYZER_NUMBER_OBJECT_CONVERSION = YES_AGGRESSIVE;
				CLANG_CXX_LANGUAGE_STANDARD = "gnu++14";
				CLANG_CXX_LIBRARY = "libc++";
				CLANG_ENABLE_MODULES = YES;
				CLANG_ENABLE_OBJC_ARC = YES;
				CLANG_ENABLE_OBJC_WEAK = YES;
				CLANG_WARN_BLOCK_CAPTURE_AUTORELEASING = YES;
				CLANG_WARN_BOOL_CONVERSION = YES;
				CLANG_WARN_COMMA = YES;
				CLANG_WARN_CONSTANT_CONVERSION = YES;
				CLANG_WARN_DEPRECATED_OBJC_IMPLEMENTATIONS = YES;
				CLANG_WARN_DIRECT_OBJC_ISA_USAGE = YES_ERROR;
				CLANG_WARN_DOCUMENTATION_COMMENTS = YES;
				CLANG_WARN_EMPTY_BODY = YES;
				CLANG_WARN_ENUM_CONVERSION = YES;
				CLANG_WARN_INFINITE_RECURSION = YES;
				CLANG_WARN_INT_CONVERSION = YES;
				CLANG_WARN_NON_LITERAL_NULL_CONVERSION = YES;
				CLANG_WARN_OBJC_IMPLICIT_RETAIN_SELF = YES;
				CLANG_WARN_OBJC_LITERAL_CONVERSION = YES;
				CLANG_WARN_OBJC_ROOT_CLASS = YES_ERROR;
				CLANG_WARN_QUOTED_INCLUDE_IN_FRAMEWORK_HEADER = YES;
				CLANG_WARN_RANGE_LOOP_ANALYSIS = YES;
				CLANG_WARN_STRICT_PROTOTYPES = YES;
				CLANG_WARN_SUSPICIOUS_MOVE = YES;
				CLANG_WARN_UNGUARDED_AVAILABILITY = YES_AGGRESSIVE;
				CLANG_WARN_UNREACHABLE_CODE = YES;
				CLANG_WARN__DUPLICATE_METHOD_MATCH = YES;
				COPY_PHASE_STRIP = NO;
				DEBUG_INFORMATION_FORMAT = "dwarf-with-dsym";
				ENABLE_NS_ASSERTIONS = NO;
				ENABLE_STRICT_OBJC_MSGSEND = YES;
				GCC_C_LANGUAGE_STANDARD = gnu11;
				GCC_NO_COMMON_BLOCKS = YES;
				GCC_WARN_64_TO_32_BIT_CONVERSION = YES;
				GCC_WARN_ABOUT_RETURN_TYPE = YES_ERROR;
				GCC_WARN_UNDECLARED_SELECTOR = YES;
				GCC_WARN_UNINITIALIZED_AUTOS = YES_AGGRESSIVE;
				GCC_WARN_UNUSED_FUNCTION = YES;
				GCC_WARN_UNUSED_VARIABLE = YES;
				IPHONEOS_DEPLOYMENT_TARGET = 14.5;
				MTL_ENABLE_DEBUG_INFO = NO;
				MTL_FAST_MATH = YES;
				SDKROOT = iphoneos;
				SWIFT_COMPILATION_MODE = wholemodule;
				SWIFT_OPTIMIZATION_LEVEL = "-O";
				VALIDATE_PRODUCT = YES;
			};
			name = Release;
		};
		6F10AB18270DAE2D0019EB87 /* Debug */ = {
			isa = XCBuildConfiguration;
			buildSettings = {
				ASSETCATALOG_COMPILER_APPICON_NAME = AppIcon;
				ASSETCATALOG_COMPILER_GLOBAL_ACCENT_COLOR_NAME = AccentColor;
				CODE_SIGN_STYLE = Automatic;
				DEVELOPMENT_TEAM = 3FAK98S72C;
				INFOPLIST_FILE = "29th-iOS-week1-homework/Info.plist";
				LD_RUNPATH_SEARCH_PATHS = (
					"$(inherited)",
					"@executable_path/Frameworks",
				);
				PRODUCT_BUNDLE_IDENTIFIER = "meng.-9th-iOS-week1-homework";
				PRODUCT_NAME = "$(TARGET_NAME)";
				SWIFT_VERSION = 5.0;
				TARGETED_DEVICE_FAMILY = "1,2";
			};
			name = Debug;
		};
		6F10AB19270DAE2D0019EB87 /* Release */ = {
			isa = XCBuildConfiguration;
			buildSettings = {
				ASSETCATALOG_COMPILER_APPICON_NAME = AppIcon;
				ASSETCATALOG_COMPILER_GLOBAL_ACCENT_COLOR_NAME = AccentColor;
				CODE_SIGN_STYLE = Automatic;
				DEVELOPMENT_TEAM = 3FAK98S72C;
				INFOPLIST_FILE = "29th-iOS-week1-homework/Info.plist";
				LD_RUNPATH_SEARCH_PATHS = (
					"$(inherited)",
					"@executable_path/Frameworks",
				);
				PRODUCT_BUNDLE_IDENTIFIER = "meng.-9th-iOS-week1-homework";
				PRODUCT_NAME = "$(TARGET_NAME)";
				SWIFT_VERSION = 5.0;
				TARGETED_DEVICE_FAMILY = "1,2";
			};
			name = Release;
		};
		6F10AB1B270DAE2D0019EB87 /* Debug */ = {
			isa = XCBuildConfiguration;
			buildSettings = {
				ALWAYS_EMBED_SWIFT_STANDARD_LIBRARIES = YES;
				BUNDLE_LOADER = "$(TEST_HOST)";
				CODE_SIGN_STYLE = Automatic;
				INFOPLIST_FILE = "29th-iOS-week1-homeworkTests/Info.plist";
				IPHONEOS_DEPLOYMENT_TARGET = 14.5;
				LD_RUNPATH_SEARCH_PATHS = (
					"$(inherited)",
					"@executable_path/Frameworks",
					"@loader_path/Frameworks",
				);
				PRODUCT_BUNDLE_IDENTIFIER = "meng.-9th-iOS-week1-homeworkTests";
				PRODUCT_NAME = "$(TARGET_NAME)";
				SWIFT_VERSION = 5.0;
				TARGETED_DEVICE_FAMILY = "1,2";
				TEST_HOST = "$(BUILT_PRODUCTS_DIR)/29th-iOS-week1-homework.app/29th-iOS-week1-homework";
			};
			name = Debug;
		};
		6F10AB1C270DAE2D0019EB87 /* Release */ = {
			isa = XCBuildConfiguration;
			buildSettings = {
				ALWAYS_EMBED_SWIFT_STANDARD_LIBRARIES = YES;
				BUNDLE_LOADER = "$(TEST_HOST)";
				CODE_SIGN_STYLE = Automatic;
				INFOPLIST_FILE = "29th-iOS-week1-homeworkTests/Info.plist";
				IPHONEOS_DEPLOYMENT_TARGET = 14.5;
				LD_RUNPATH_SEARCH_PATHS = (
					"$(inherited)",
					"@executable_path/Frameworks",
					"@loader_path/Frameworks",
				);
				PRODUCT_BUNDLE_IDENTIFIER = "meng.-9th-iOS-week1-homeworkTests";
				PRODUCT_NAME = "$(TARGET_NAME)";
				SWIFT_VERSION = 5.0;
				TARGETED_DEVICE_FAMILY = "1,2";
				TEST_HOST = "$(BUILT_PRODUCTS_DIR)/29th-iOS-week1-homework.app/29th-iOS-week1-homework";
			};
			name = Release;
		};
		6F10AB1E270DAE2D0019EB87 /* Debug */ = {
			isa = XCBuildConfiguration;
			buildSettings = {
				ALWAYS_EMBED_SWIFT_STANDARD_LIBRARIES = YES;
				CODE_SIGN_STYLE = Automatic;
				INFOPLIST_FILE = "29th-iOS-week1-homeworkUITests/Info.plist";
				LD_RUNPATH_SEARCH_PATHS = (
					"$(inherited)",
					"@executable_path/Frameworks",
					"@loader_path/Frameworks",
				);
				PRODUCT_BUNDLE_IDENTIFIER = "meng.-9th-iOS-week1-homeworkUITests";
				PRODUCT_NAME = "$(TARGET_NAME)";
				SWIFT_VERSION = 5.0;
				TARGETED_DEVICE_FAMILY = "1,2";
				TEST_TARGET_NAME = "29th-iOS-week1-homework";
			};
			name = Debug;
		};
		6F10AB1F270DAE2D0019EB87 /* Release */ = {
			isa = XCBuildConfiguration;
			buildSettings = {
				ALWAYS_EMBED_SWIFT_STANDARD_LIBRARIES = YES;
				CODE_SIGN_STYLE = Automatic;
				INFOPLIST_FILE = "29th-iOS-week1-homeworkUITests/Info.plist";
				LD_RUNPATH_SEARCH_PATHS = (
					"$(inherited)",
					"@executable_path/Frameworks",
					"@loader_path/Frameworks",
				);
				PRODUCT_BUNDLE_IDENTIFIER = "meng.-9th-iOS-week1-homeworkUITests";
				PRODUCT_NAME = "$(TARGET_NAME)";
				SWIFT_VERSION = 5.0;
				TARGETED_DEVICE_FAMILY = "1,2";
				TEST_TARGET_NAME = "29th-iOS-week1-homework";
			};
			name = Release;
		};
/* End XCBuildConfiguration section */

/* Begin XCConfigurationList section */
		6F10AAE8270DAE2D0019EB87 /* Build configuration list for PBXProject "29th-iOS-week1-homework" */ = {
			isa = XCConfigurationList;
			buildConfigurations = (
				6F10AB15270DAE2D0019EB87 /* Debug */,
				6F10AB16270DAE2D0019EB87 /* Release */,
			);
			defaultConfigurationIsVisible = 0;
			defaultConfigurationName = Release;
		};
		6F10AB17270DAE2D0019EB87 /* Build configuration list for PBXNativeTarget "29th-iOS-week1-homework" */ = {
			isa = XCConfigurationList;
			buildConfigurations = (
				6F10AB18270DAE2D0019EB87 /* Debug */,
				6F10AB19270DAE2D0019EB87 /* Release */,
			);
			defaultConfigurationIsVisible = 0;
			defaultConfigurationName = Release;
		};
		6F10AB1A270DAE2D0019EB87 /* Build configuration list for PBXNativeTarget "29th-iOS-week1-homeworkTests" */ = {
			isa = XCConfigurationList;
			buildConfigurations = (
				6F10AB1B270DAE2D0019EB87 /* Debug */,
				6F10AB1C270DAE2D0019EB87 /* Release */,
			);
			defaultConfigurationIsVisible = 0;
			defaultConfigurationName = Release;
		};
		6F10AB1D270DAE2D0019EB87 /* Build configuration list for PBXNativeTarget "29th-iOS-week1-homeworkUITests" */ = {
			isa = XCConfigurationList;
			buildConfigurations = (
				6F10AB1E270DAE2D0019EB87 /* Debug */,
				6F10AB1F270DAE2D0019EB87 /* Release */,
			);
			defaultConfigurationIsVisible = 0;
			defaultConfigurationName = Release;
		};
/* End XCConfigurationList section */
	};
	rootObject = 6F10AAE5270DAE2D0019EB87 /* Project object */;
}
