// !$*UTF8*$!
{
	archiveVersion = 1;
	classes = {
	};
	objectVersion = 55;
	objects = {

/* Begin PBXBuildFile section */
		68C8AA87D0391972F51A0F6A /* Pods_29th_iOS_week4_homework.framework in Frameworks */ = {isa = PBXBuildFile; fileRef = 0584413B77CB11F33A91C9C8 /* Pods_29th_iOS_week4_homework.framework */; };
		6FF11D2D274128EA00136A18 /* Assets.xcassets in Resources */ = {isa = PBXBuildFile; fileRef = 6FF11D0A274128EA00136A18 /* Assets.xcassets */; };
		6FF11D2E274128EA00136A18 /* Main.storyboard in Resources */ = {isa = PBXBuildFile; fileRef = 6FF11D0D274128EA00136A18 /* Main.storyboard */; };
		6FF11D30274128EA00136A18 /* VideoVC.swift in Sources */ = {isa = PBXBuildFile; fileRef = 6FF11D10274128EA00136A18 /* VideoVC.swift */; };
		6FF11D31274128EA00136A18 /* VideoTableViewCell.swift in Sources */ = {isa = PBXBuildFile; fileRef = 6FF11D12274128EA00136A18 /* VideoTableViewCell.swift */; };
		6FF11D32274128EA00136A18 /* VideoCollectionViewCell.swift in Sources */ = {isa = PBXBuildFile; fileRef = 6FF11D13274128EA00136A18 /* VideoCollectionViewCell.swift */; };
		6FF11D33274128EA00136A18 /* VideoTableViewCell.xib in Resources */ = {isa = PBXBuildFile; fileRef = 6FF11D14274128EA00136A18 /* VideoTableViewCell.xib */; };
		6FF11D34274128EA00136A18 /* LaunchScreen.storyboard in Resources */ = {isa = PBXBuildFile; fileRef = 6FF11D15274128EA00136A18 /* LaunchScreen.storyboard */; };
		6FF11D36274128EA00136A18 /* AppDelegate.swift in Sources */ = {isa = PBXBuildFile; fileRef = 6FF11D1A274128EA00136A18 /* AppDelegate.swift */; };
		6FF11D38274128EA00136A18 /* SceneDelegate.swift in Sources */ = {isa = PBXBuildFile; fileRef = 6FF11D1C274128EA00136A18 /* SceneDelegate.swift */; };
		6FF11D39274128EA00136A18 /* VideoContentDataModel.swift in Sources */ = {isa = PBXBuildFile; fileRef = 6FF11D1E274128EA00136A18 /* VideoContentDataModel.swift */; };
		6FF11D3A274128EA00136A18 /* GoogleLogin.storyboard in Resources */ = {isa = PBXBuildFile; fileRef = 6FF11D21274128EA00136A18 /* GoogleLogin.storyboard */; };
		6FF11D3B274128EA00136A18 /* SignUpViewController.swift in Sources */ = {isa = PBXBuildFile; fileRef = 6FF11D23274128EA00136A18 /* SignUpViewController.swift */; };
		6FF11D3C274128EA00136A18 /* SubscriptionVC.swift in Sources */ = {isa = PBXBuildFile; fileRef = 6FF11D24274128EA00136A18 /* SubscriptionVC.swift */; };
		6FF11D3D274128EA00136A18 /* PlusVC.swift in Sources */ = {isa = PBXBuildFile; fileRef = 6FF11D25274128EA00136A18 /* PlusVC.swift */; };
		6FF11D3E274128EA00136A18 /* LibraryVC.swift in Sources */ = {isa = PBXBuildFile; fileRef = 6FF11D26274128EA00136A18 /* LibraryVC.swift */; };
		6FF11D3F274128EA00136A18 /* HomeVC.swift in Sources */ = {isa = PBXBuildFile; fileRef = 6FF11D27274128EA00136A18 /* HomeVC.swift */; };
		6FF11D40274128EA00136A18 /* NavigationViewController.swift in Sources */ = {isa = PBXBuildFile; fileRef = 6FF11D28274128EA00136A18 /* NavigationViewController.swift */; };
		6FF11D41274128EA00136A18 /* CheckViewController.swift in Sources */ = {isa = PBXBuildFile; fileRef = 6FF11D29274128EA00136A18 /* CheckViewController.swift */; };
		6FF11D42274128EA00136A18 /* CustomTabBarController.swift in Sources */ = {isa = PBXBuildFile; fileRef = 6FF11D2A274128EA00136A18 /* CustomTabBarController.swift */; };
		6FF11D43274128EA00136A18 /* ShortsVC.swift in Sources */ = {isa = PBXBuildFile; fileRef = 6FF11D2B274128EA00136A18 /* ShortsVC.swift */; };
		6FF11D44274128EA00136A18 /* SignInViewController.swift in Sources */ = {isa = PBXBuildFile; fileRef = 6FF11D2C274128EA00136A18 /* SignInViewController.swift */; };
		6FF11D4A2741347900136A18 /* ViewController.swift in Sources */ = {isa = PBXBuildFile; fileRef = 6FF11D492741347900136A18 /* ViewController.swift */; };
/* End PBXBuildFile section */

/* Begin PBXFileReference section */
		0584413B77CB11F33A91C9C8 /* Pods_29th_iOS_week4_homework.framework */ = {isa = PBXFileReference; explicitFileType = wrapper.framework; includeInIndex = 0; path = Pods_29th_iOS_week4_homework.framework; sourceTree = BUILT_PRODUCTS_DIR; };
		6FB4805B272C11BF003B9053 /* 29th-iOS-week4-homework.app */ = {isa = PBXFileReference; explicitFileType = wrapper.application; includeInIndex = 0; path = "29th-iOS-week4-homework.app"; sourceTree = BUILT_PRODUCTS_DIR; };
		6FF11D0A274128EA00136A18 /* Assets.xcassets */ = {isa = PBXFileReference; lastKnownFileType = folder.assetcatalog; path = Assets.xcassets; sourceTree = "<group>"; };
		6FF11D0D274128EA00136A18 /* Main.storyboard */ = {isa = PBXFileReference; fileEncoding = 4; lastKnownFileType = file.storyboard; path = Main.storyboard; sourceTree = "<group>"; };
		6FF11D10274128EA00136A18 /* VideoVC.swift */ = {isa = PBXFileReference; fileEncoding = 4; lastKnownFileType = sourcecode.swift; path = VideoVC.swift; sourceTree = "<group>"; };
		6FF11D12274128EA00136A18 /* VideoTableViewCell.swift */ = {isa = PBXFileReference; fileEncoding = 4; lastKnownFileType = sourcecode.swift; path = VideoTableViewCell.swift; sourceTree = "<group>"; };
		6FF11D13274128EA00136A18 /* VideoCollectionViewCell.swift */ = {isa = PBXFileReference; fileEncoding = 4; lastKnownFileType = sourcecode.swift; path = VideoCollectionViewCell.swift; sourceTree = "<group>"; };
		6FF11D14274128EA00136A18 /* VideoTableViewCell.xib */ = {isa = PBXFileReference; fileEncoding = 4; lastKnownFileType = file.xib; path = VideoTableViewCell.xib; sourceTree = "<group>"; };
		6FF11D16274128EA00136A18 /* Base */ = {isa = PBXFileReference; lastKnownFileType = file.storyboard; name = Base; path = Base.lproj/LaunchScreen.storyboard; sourceTree = "<group>"; };
		6FF11D1A274128EA00136A18 /* AppDelegate.swift */ = {isa = PBXFileReference; fileEncoding = 4; lastKnownFileType = sourcecode.swift; path = AppDelegate.swift; sourceTree = "<group>"; };
		6FF11D1C274128EA00136A18 /* SceneDelegate.swift */ = {isa = PBXFileReference; fileEncoding = 4; lastKnownFileType = sourcecode.swift; path = SceneDelegate.swift; sourceTree = "<group>"; };
		6FF11D1E274128EA00136A18 /* VideoContentDataModel.swift */ = {isa = PBXFileReference; fileEncoding = 4; lastKnownFileType = sourcecode.swift; path = VideoContentDataModel.swift; sourceTree = "<group>"; };
		6FF11D21274128EA00136A18 /* GoogleLogin.storyboard */ = {isa = PBXFileReference; fileEncoding = 4; lastKnownFileType = file.storyboard; path = GoogleLogin.storyboard; sourceTree = "<group>"; };
		6FF11D23274128EA00136A18 /* SignUpViewController.swift */ = {isa = PBXFileReference; fileEncoding = 4; lastKnownFileType = sourcecode.swift; path = SignUpViewController.swift; sourceTree = "<group>"; };
		6FF11D24274128EA00136A18 /* SubscriptionVC.swift */ = {isa = PBXFileReference; fileEncoding = 4; lastKnownFileType = sourcecode.swift; path = SubscriptionVC.swift; sourceTree = "<group>"; };
		6FF11D25274128EA00136A18 /* PlusVC.swift */ = {isa = PBXFileReference; fileEncoding = 4; lastKnownFileType = sourcecode.swift; path = PlusVC.swift; sourceTree = "<group>"; };
		6FF11D26274128EA00136A18 /* LibraryVC.swift */ = {isa = PBXFileReference; fileEncoding = 4; lastKnownFileType = sourcecode.swift; path = LibraryVC.swift; sourceTree = "<group>"; };
		6FF11D27274128EA00136A18 /* HomeVC.swift */ = {isa = PBXFileReference; fileEncoding = 4; lastKnownFileType = sourcecode.swift; path = HomeVC.swift; sourceTree = "<group>"; };
		6FF11D28274128EA00136A18 /* NavigationViewController.swift */ = {isa = PBXFileReference; fileEncoding = 4; lastKnownFileType = sourcecode.swift; path = NavigationViewController.swift; sourceTree = "<group>"; };
		6FF11D29274128EA00136A18 /* CheckViewController.swift */ = {isa = PBXFileReference; fileEncoding = 4; lastKnownFileType = sourcecode.swift; path = CheckViewController.swift; sourceTree = "<group>"; };
		6FF11D2A274128EA00136A18 /* CustomTabBarController.swift */ = {isa = PBXFileReference; fileEncoding = 4; lastKnownFileType = sourcecode.swift; path = CustomTabBarController.swift; sourceTree = "<group>"; };
		6FF11D2B274128EA00136A18 /* ShortsVC.swift */ = {isa = PBXFileReference; fileEncoding = 4; lastKnownFileType = sourcecode.swift; path = ShortsVC.swift; sourceTree = "<group>"; };
		6FF11D2C274128EA00136A18 /* SignInViewController.swift */ = {isa = PBXFileReference; fileEncoding = 4; lastKnownFileType = sourcecode.swift; path = SignInViewController.swift; sourceTree = "<group>"; };
		6FF11D4527412A4200136A18 /* Info.plist */ = {isa = PBXFileReference; fileEncoding = 4; lastKnownFileType = text.plist.xml; path = Info.plist; sourceTree = "<group>"; };
		6FF11D492741347900136A18 /* ViewController.swift */ = {isa = PBXFileReference; lastKnownFileType = sourcecode.swift; path = ViewController.swift; sourceTree = "<group>"; };
		9BB75F5F4665F4A9DBDB2FE9 /* Pods-29th-iOS-week4-homework.release.xcconfig */ = {isa = PBXFileReference; includeInIndex = 1; lastKnownFileType = text.xcconfig; name = "Pods-29th-iOS-week4-homework.release.xcconfig"; path = "Target Support Files/Pods-29th-iOS-week4-homework/Pods-29th-iOS-week4-homework.release.xcconfig"; sourceTree = "<group>"; };
		B40CA85979B38C14BAC88298 /* Pods-29th-iOS-week4-homework.debug.xcconfig */ = {isa = PBXFileReference; includeInIndex = 1; lastKnownFileType = text.xcconfig; name = "Pods-29th-iOS-week4-homework.debug.xcconfig"; path = "Target Support Files/Pods-29th-iOS-week4-homework/Pods-29th-iOS-week4-homework.debug.xcconfig"; sourceTree = "<group>"; };
/* End PBXFileReference section */

/* Begin PBXFrameworksBuildPhase section */
		6FB48058272C11BF003B9053 /* Frameworks */ = {
			isa = PBXFrameworksBuildPhase;
			buildActionMask = 2147483647;
			files = (
				68C8AA87D0391972F51A0F6A /* Pods_29th_iOS_week4_homework.framework in Frameworks */,
			);
			runOnlyForDeploymentPostprocessing = 0;
		};
/* End PBXFrameworksBuildPhase section */

/* Begin PBXGroup section */
		6FB48052272C11BF003B9053 = {
			isa = PBXGroup;
			children = (
				6FF11D08274128EA00136A18 /* 29th-iOS-week4-homework */,
				6FB4805C272C11BF003B9053 /* Products */,
				A45FC67FF9F8C55E50A59B6E /* Pods */,
				EDA835EFD584606C20647E61 /* Frameworks */,
			);
			sourceTree = "<group>";
		};
		6FB4805C272C11BF003B9053 /* Products */ = {
			isa = PBXGroup;
			children = (
				6FB4805B272C11BF003B9053 /* 29th-iOS-week4-homework.app */,
			);
			name = Products;
			sourceTree = "<group>";
		};
		6FF11D08274128EA00136A18 /* 29th-iOS-week4-homework */ = {
			isa = PBXGroup;
			children = (
				6FF11D19274128EA00136A18 /* Support */,
				6FF11D1D274128EA00136A18 /* Data */,
				6FF11D09274128EA00136A18 /* Network */,
				6FF11D0B274128EA00136A18 /* Youtube */,
				6FF11D1F274128EA00136A18 /* GoogleLogin */,
			);
			path = "29th-iOS-week4-homework";
			sourceTree = "<group>";
		};
		6FF11D09274128EA00136A18 /* Network */ = {
			isa = PBXGroup;
			children = (
			);
			path = Network;
			sourceTree = "<group>";
		};
		6FF11D0B274128EA00136A18 /* Youtube */ = {
			isa = PBXGroup;
			children = (
				6FF11D0C274128EA00136A18 /* Storyboard */,
				6FF11D0E274128EA00136A18 /* Controller */,
				6FF11D11274128EA00136A18 /* Cell */,
			);
			path = Youtube;
			sourceTree = "<group>";
		};
		6FF11D0C274128EA00136A18 /* Storyboard */ = {
			isa = PBXGroup;
			children = (
				6FF11D0D274128EA00136A18 /* Main.storyboard */,
			);
			path = Storyboard;
			sourceTree = "<group>";
		};
		6FF11D0E274128EA00136A18 /* Controller */ = {
			isa = PBXGroup;
			children = (
				6FF11D10274128EA00136A18 /* VideoVC.swift */,
				6FF11D492741347900136A18 /* ViewController.swift */,
			);
			path = Controller;
			sourceTree = "<group>";
		};
		6FF11D11274128EA00136A18 /* Cell */ = {
			isa = PBXGroup;
			children = (
				6FF11D12274128EA00136A18 /* VideoTableViewCell.swift */,
				6FF11D13274128EA00136A18 /* VideoCollectionViewCell.swift */,
				6FF11D14274128EA00136A18 /* VideoTableViewCell.xib */,
			);
			path = Cell;
			sourceTree = "<group>";
		};
		6FF11D19274128EA00136A18 /* Support */ = {
			isa = PBXGroup;
			children = (
				6FF11D15274128EA00136A18 /* LaunchScreen.storyboard */,
				6FF11D0A274128EA00136A18 /* Assets.xcassets */,
				6FF11D1A274128EA00136A18 /* AppDelegate.swift */,
				6FF11D1C274128EA00136A18 /* SceneDelegate.swift */,
				6FF11D4527412A4200136A18 /* Info.plist */,
			);
			path = Support;
			sourceTree = "<group>";
		};
		6FF11D1D274128EA00136A18 /* Data */ = {
			isa = PBXGroup;
			children = (
				6FF11D1E274128EA00136A18 /* VideoContentDataModel.swift */,
			);
			path = Data;
			sourceTree = "<group>";
		};
		6FF11D1F274128EA00136A18 /* GoogleLogin */ = {
			isa = PBXGroup;
			children = (
				6FF11D20274128EA00136A18 /* Storyboard */,
				6FF11D22274128EA00136A18 /* Controller */,
			);
			path = GoogleLogin;
			sourceTree = "<group>";
		};
		6FF11D20274128EA00136A18 /* Storyboard */ = {
			isa = PBXGroup;
			children = (
				6FF11D21274128EA00136A18 /* GoogleLogin.storyboard */,
			);
			path = Storyboard;
			sourceTree = "<group>";
		};
		6FF11D22274128EA00136A18 /* Controller */ = {
			isa = PBXGroup;
			children = (
				6FF11D23274128EA00136A18 /* SignUpViewController.swift */,
				6FF11D2C274128EA00136A18 /* SignInViewController.swift */,
				6FF11D29274128EA00136A18 /* CheckViewController.swift */,
				6FF11D2A274128EA00136A18 /* CustomTabBarController.swift */,
				6FF11D24274128EA00136A18 /* SubscriptionVC.swift */,
				6FF11D25274128EA00136A18 /* PlusVC.swift */,
				6FF11D26274128EA00136A18 /* LibraryVC.swift */,
				6FF11D27274128EA00136A18 /* HomeVC.swift */,
				6FF11D28274128EA00136A18 /* NavigationViewController.swift */,
				6FF11D2B274128EA00136A18 /* ShortsVC.swift */,
			);
			path = Controller;
			sourceTree = "<group>";
		};
		A45FC67FF9F8C55E50A59B6E /* Pods */ = {
			isa = PBXGroup;
			children = (
				B40CA85979B38C14BAC88298 /* Pods-29th-iOS-week4-homework.debug.xcconfig */,
				9BB75F5F4665F4A9DBDB2FE9 /* Pods-29th-iOS-week4-homework.release.xcconfig */,
			);
			name = Pods;
			path = Pods;
			sourceTree = "<group>";
		};
		EDA835EFD584606C20647E61 /* Frameworks */ = {
			isa = PBXGroup;
			children = (
				0584413B77CB11F33A91C9C8 /* Pods_29th_iOS_week4_homework.framework */,
			);
			name = Frameworks;
			sourceTree = "<group>";
		};
/* End PBXGroup section */

/* Begin PBXNativeTarget section */
		6FB4805A272C11BF003B9053 /* 29th-iOS-week4-homework */ = {
			isa = PBXNativeTarget;
			buildConfigurationList = 6FB4806F272C11C0003B9053 /* Build configuration list for PBXNativeTarget "29th-iOS-week4-homework" */;
			buildPhases = (
				728A527726BBBF3523ED89FF /* [CP] Check Pods Manifest.lock */,
				6FB48057272C11BF003B9053 /* Sources */,
				6FB48058272C11BF003B9053 /* Frameworks */,
				6FB48059272C11BF003B9053 /* Resources */,
				FF2E68A703E22C51A77F701E /* [CP] Embed Pods Frameworks */,
			);
			buildRules = (
			);
			dependencies = (
			);
			name = "29th-iOS-week4-homework";
			productName = "29th-iOS-week3-homework";
			productReference = 6FB4805B272C11BF003B9053 /* 29th-iOS-week4-homework.app */;
			productType = "com.apple.product-type.application";
		};
/* End PBXNativeTarget section */

/* Begin PBXProject section */
		6FB48053272C11BF003B9053 /* Project object */ = {
			isa = PBXProject;
			attributes = {
				BuildIndependentTargetsInParallel = 1;
				LastSwiftUpdateCheck = 1300;
				LastUpgradeCheck = 1300;
				TargetAttributes = {
					6FB4805A272C11BF003B9053 = {
						CreatedOnToolsVersion = 13.0;
					};
				};
			};
			buildConfigurationList = 6FB48056272C11BF003B9053 /* Build configuration list for PBXProject "29th-iOS-week4-homework" */;
			compatibilityVersion = "Xcode 13.0";
			developmentRegion = en;
			hasScannedForEncodings = 0;
			knownRegions = (
				en,
				Base,
			);
			mainGroup = 6FB48052272C11BF003B9053;
			productRefGroup = 6FB4805C272C11BF003B9053 /* Products */;
			projectDirPath = "";
			projectRoot = "";
			targets = (
				6FB4805A272C11BF003B9053 /* 29th-iOS-week4-homework */,
			);
		};
/* End PBXProject section */

/* Begin PBXResourcesBuildPhase section */
		6FB48059272C11BF003B9053 /* Resources */ = {
			isa = PBXResourcesBuildPhase;
			buildActionMask = 2147483647;
			files = (
				6FF11D2D274128EA00136A18 /* Assets.xcassets in Resources */,
				6FF11D34274128EA00136A18 /* LaunchScreen.storyboard in Resources */,
				6FF11D2E274128EA00136A18 /* Main.storyboard in Resources */,
				6FF11D33274128EA00136A18 /* VideoTableViewCell.xib in Resources */,
				6FF11D3A274128EA00136A18 /* GoogleLogin.storyboard in Resources */,
			);
			runOnlyForDeploymentPostprocessing = 0;
		};
/* End PBXResourcesBuildPhase section */

/* Begin PBXShellScriptBuildPhase section */
		728A527726BBBF3523ED89FF /* [CP] Check Pods Manifest.lock */ = {
			isa = PBXShellScriptBuildPhase;
			buildActionMask = 2147483647;
			files = (
			);
			inputFileListPaths = (
			);
			inputPaths = (
				"${PODS_PODFILE_DIR_PATH}/Podfile.lock",
				"${PODS_ROOT}/Manifest.lock",
			);
			name = "[CP] Check Pods Manifest.lock";
			outputFileListPaths = (
			);
			outputPaths = (
				"$(DERIVED_FILE_DIR)/Pods-29th-iOS-week4-homework-checkManifestLockResult.txt",
			);
			runOnlyForDeploymentPostprocessing = 0;
			shellPath = /bin/sh;
			shellScript = "diff \"${PODS_PODFILE_DIR_PATH}/Podfile.lock\" \"${PODS_ROOT}/Manifest.lock\" > /dev/null\nif [ $? != 0 ] ; then\n    # print error to STDERR\n    echo \"error: The sandbox is not in sync with the Podfile.lock. Run 'pod install' or update your CocoaPods installation.\" >&2\n    exit 1\nfi\n# This output is used by Xcode 'outputs' to avoid re-running this script phase.\necho \"SUCCESS\" > \"${SCRIPT_OUTPUT_FILE_0}\"\n";
			showEnvVarsInLog = 0;
		};
		FF2E68A703E22C51A77F701E /* [CP] Embed Pods Frameworks */ = {
			isa = PBXShellScriptBuildPhase;
			buildActionMask = 2147483647;
			files = (
			);
			inputFileListPaths = (
				"${PODS_ROOT}/Target Support Files/Pods-29th-iOS-week4-homework/Pods-29th-iOS-week4-homework-frameworks-${CONFIGURATION}-input-files.xcfilelist",
			);
			name = "[CP] Embed Pods Frameworks";
			outputFileListPaths = (
				"${PODS_ROOT}/Target Support Files/Pods-29th-iOS-week4-homework/Pods-29th-iOS-week4-homework-frameworks-${CONFIGURATION}-output-files.xcfilelist",
			);
			runOnlyForDeploymentPostprocessing = 0;
			shellPath = /bin/sh;
			shellScript = "\"${PODS_ROOT}/Target Support Files/Pods-29th-iOS-week4-homework/Pods-29th-iOS-week4-homework-frameworks.sh\"\n";
			showEnvVarsInLog = 0;
		};
/* End PBXShellScriptBuildPhase section */

/* Begin PBXSourcesBuildPhase section */
		6FB48057272C11BF003B9053 /* Sources */ = {
			isa = PBXSourcesBuildPhase;
			buildActionMask = 2147483647;
			files = (
				6FF11D3E274128EA00136A18 /* LibraryVC.swift in Sources */,
				6FF11D40274128EA00136A18 /* NavigationViewController.swift in Sources */,
				6FF11D42274128EA00136A18 /* CustomTabBarController.swift in Sources */,
				6FF11D30274128EA00136A18 /* VideoVC.swift in Sources */,
				6FF11D43274128EA00136A18 /* ShortsVC.swift in Sources */,
				6FF11D3B274128EA00136A18 /* SignUpViewController.swift in Sources */,
				6FF11D44274128EA00136A18 /* SignInViewController.swift in Sources */,
				6FF11D3C274128EA00136A18 /* SubscriptionVC.swift in Sources */,
				6FF11D32274128EA00136A18 /* VideoCollectionViewCell.swift in Sources */,
				6FF11D4A2741347900136A18 /* ViewController.swift in Sources */,
				6FF11D36274128EA00136A18 /* AppDelegate.swift in Sources */,
				6FF11D3D274128EA00136A18 /* PlusVC.swift in Sources */,
				6FF11D31274128EA00136A18 /* VideoTableViewCell.swift in Sources */,
				6FF11D3F274128EA00136A18 /* HomeVC.swift in Sources */,
				6FF11D39274128EA00136A18 /* VideoContentDataModel.swift in Sources */,
				6FF11D38274128EA00136A18 /* SceneDelegate.swift in Sources */,
				6FF11D41274128EA00136A18 /* CheckViewController.swift in Sources */,
			);
			runOnlyForDeploymentPostprocessing = 0;
		};
/* End PBXSourcesBuildPhase section */

/* Begin PBXVariantGroup section */
		6FF11D15274128EA00136A18 /* LaunchScreen.storyboard */ = {
			isa = PBXVariantGroup;
			children = (
				6FF11D16274128EA00136A18 /* Base */,
			);
			name = LaunchScreen.storyboard;
			sourceTree = "<group>";
		};
/* End PBXVariantGroup section */

/* Begin XCBuildConfiguration section */
		6FB4806D272C11C0003B9053 /* Debug */ = {
			isa = XCBuildConfiguration;
			buildSettings = {
				ALWAYS_SEARCH_USER_PATHS = NO;
				CLANG_ANALYZER_NONNULL = YES;
				CLANG_ANALYZER_NUMBER_OBJECT_CONVERSION = YES_AGGRESSIVE;
				CLANG_CXX_LANGUAGE_STANDARD = "gnu++17";
				CLANG_CXX_LIBRARY = "libc++";
				CLANG_ENABLE_MODULES = YES;
				CLANG_ENABLE_OBJC_ARC = YES;
				CLANG_ENABLE_OBJC_WEAK = YES;
				CLANG_WARN_BLOCK_CAPTURE_AUTORELEASING = YES;
				CLANG_WARN_BOOL_CONVERSION = YES;
				CLANG_WARN_COMMA = YES;
				CLANG_WARN_CONSTANT_CONVERSION = YES;
				CLANG_WARN_DEPRECATED_OBJC_IMPLEMENTATIONS = YES;
				CLANG_WARN_DIRECT_OBJC_ISA_USAGE = YES_ERROR;
				CLANG_WARN_DOCUMENTATION_COMMENTS = YES;
				CLANG_WARN_EMPTY_BODY = YES;
				CLANG_WARN_ENUM_CONVERSION = YES;
				CLANG_WARN_INFINITE_RECURSION = YES;
				CLANG_WARN_INT_CONVERSION = YES;
				CLANG_WARN_NON_LITERAL_NULL_CONVERSION = YES;
				CLANG_WARN_OBJC_IMPLICIT_RETAIN_SELF = YES;
				CLANG_WARN_OBJC_LITERAL_CONVERSION = YES;
				CLANG_WARN_OBJC_ROOT_CLASS = YES_ERROR;
				CLANG_WARN_QUOTED_INCLUDE_IN_FRAMEWORK_HEADER = YES;
				CLANG_WARN_RANGE_LOOP_ANALYSIS = YES;
				CLANG_WARN_STRICT_PROTOTYPES = YES;
				CLANG_WARN_SUSPICIOUS_MOVE = YES;
				CLANG_WARN_UNGUARDED_AVAILABILITY = YES_AGGRESSIVE;
				CLANG_WARN_UNREACHABLE_CODE = YES;
				CLANG_WARN__DUPLICATE_METHOD_MATCH = YES;
				COPY_PHASE_STRIP = NO;
				DEBUG_INFORMATION_FORMAT = dwarf;
				ENABLE_STRICT_OBJC_MSGSEND = YES;
				ENABLE_TESTABILITY = YES;
				GCC_C_LANGUAGE_STANDARD = gnu11;
				GCC_DYNAMIC_NO_PIC = NO;
				GCC_NO_COMMON_BLOCKS = YES;
				GCC_OPTIMIZATION_LEVEL = 0;
				GCC_PREPROCESSOR_DEFINITIONS = (
					"DEBUG=1",
					"$(inherited)",
				);
				GCC_WARN_64_TO_32_BIT_CONVERSION = YES;
				GCC_WARN_ABOUT_RETURN_TYPE = YES_ERROR;
				GCC_WARN_UNDECLARED_SELECTOR = YES;
				GCC_WARN_UNINITIALIZED_AUTOS = YES_AGGRESSIVE;
				GCC_WARN_UNUSED_FUNCTION = YES;
				GCC_WARN_UNUSED_VARIABLE = YES;
				IPHONEOS_DEPLOYMENT_TARGET = 15.0;
				MTL_ENABLE_DEBUG_INFO = INCLUDE_SOURCE;
				MTL_FAST_MATH = YES;
				ONLY_ACTIVE_ARCH = YES;
				SDKROOT = iphoneos;
				SWIFT_ACTIVE_COMPILATION_CONDITIONS = DEBUG;
				SWIFT_OPTIMIZATION_LEVEL = "-Onone";
			};
			name = Debug;
		};
		6FB4806E272C11C0003B9053 /* Release */ = {
			isa = XCBuildConfiguration;
			buildSettings = {
				ALWAYS_SEARCH_USER_PATHS = NO;
				CLANG_ANALYZER_NONNULL = YES;
				CLANG_ANALYZER_NUMBER_OBJECT_CONVERSION = YES_AGGRESSIVE;
				CLANG_CXX_LANGUAGE_STANDARD = "gnu++17";
				CLANG_CXX_LIBRARY = "libc++";
				CLANG_ENABLE_MODULES = YES;
				CLANG_ENABLE_OBJC_ARC = YES;
				CLANG_ENABLE_OBJC_WEAK = YES;
				CLANG_WARN_BLOCK_CAPTURE_AUTORELEASING = YES;
				CLANG_WARN_BOOL_CONVERSION = YES;
				CLANG_WARN_COMMA = YES;
				CLANG_WARN_CONSTANT_CONVERSION = YES;
				CLANG_WARN_DEPRECATED_OBJC_IMPLEMENTATIONS = YES;
				CLANG_WARN_DIRECT_OBJC_ISA_USAGE = YES_ERROR;
				CLANG_WARN_DOCUMENTATION_COMMENTS = YES;
				CLANG_WARN_EMPTY_BODY = YES;
				CLANG_WARN_ENUM_CONVERSION = YES;
				CLANG_WARN_INFINITE_RECURSION = YES;
				CLANG_WARN_INT_CONVERSION = YES;
				CLANG_WARN_NON_LITERAL_NULL_CONVERSION = YES;
				CLANG_WARN_OBJC_IMPLICIT_RETAIN_SELF = YES;
				CLANG_WARN_OBJC_LITERAL_CONVERSION = YES;
				CLANG_WARN_OBJC_ROOT_CLASS = YES_ERROR;
				CLANG_WARN_QUOTED_INCLUDE_IN_FRAMEWORK_HEADER = YES;
				CLANG_WARN_RANGE_LOOP_ANALYSIS = YES;
				CLANG_WARN_STRICT_PROTOTYPES = YES;
				CLANG_WARN_SUSPICIOUS_MOVE = YES;
				CLANG_WARN_UNGUARDED_AVAILABILITY = YES_AGGRESSIVE;
				CLANG_WARN_UNREACHABLE_CODE = YES;
				CLANG_WARN__DUPLICATE_METHOD_MATCH = YES;
				COPY_PHASE_STRIP = NO;
				DEBUG_INFORMATION_FORMAT = "dwarf-with-dsym";
				ENABLE_NS_ASSERTIONS = NO;
				ENABLE_STRICT_OBJC_MSGSEND = YES;
				GCC_C_LANGUAGE_STANDARD = gnu11;
				GCC_NO_COMMON_BLOCKS = YES;
				GCC_WARN_64_TO_32_BIT_CONVERSION = YES;
				GCC_WARN_ABOUT_RETURN_TYPE = YES_ERROR;
				GCC_WARN_UNDECLARED_SELECTOR = YES;
				GCC_WARN_UNINITIALIZED_AUTOS = YES_AGGRESSIVE;
				GCC_WARN_UNUSED_FUNCTION = YES;
				GCC_WARN_UNUSED_VARIABLE = YES;
				IPHONEOS_DEPLOYMENT_TARGET = 15.0;
				MTL_ENABLE_DEBUG_INFO = NO;
				MTL_FAST_MATH = YES;
				SDKROOT = iphoneos;
				SWIFT_COMPILATION_MODE = wholemodule;
				SWIFT_OPTIMIZATION_LEVEL = "-O";
				VALIDATE_PRODUCT = YES;
			};
			name = Release;
		};
		6FB48070272C11C0003B9053 /* Debug */ = {
			isa = XCBuildConfiguration;
			baseConfigurationReference = B40CA85979B38C14BAC88298 /* Pods-29th-iOS-week4-homework.debug.xcconfig */;
			buildSettings = {
				ASSETCATALOG_COMPILER_APPICON_NAME = AppIcon;
				ASSETCATALOG_COMPILER_GLOBAL_ACCENT_COLOR_NAME = AccentColor;
				CODE_SIGN_STYLE = Automatic;
				CURRENT_PROJECT_VERSION = 1;
				DEVELOPMENT_TEAM = 3FAK98S72C;
				GENERATE_INFOPLIST_FILE = YES;
				INFOPLIST_FILE = "29th-iOS-week4-homework/Support/Info.plist";
				INFOPLIST_KEY_UIApplicationSupportsIndirectInputEvents = YES;
				INFOPLIST_KEY_UILaunchStoryboardName = LaunchScreen;
				INFOPLIST_KEY_UIMainStoryboardFile = Main;
				INFOPLIST_KEY_UISupportedInterfaceOrientations_iPad = "UIInterfaceOrientationPortrait UIInterfaceOrientationPortraitUpsideDown UIInterfaceOrientationLandscapeLeft UIInterfaceOrientationLandscapeRight";
				INFOPLIST_KEY_UISupportedInterfaceOrientations_iPhone = "UIInterfaceOrientationPortrait UIInterfaceOrientationLandscapeLeft UIInterfaceOrientationLandscapeRight";
				LD_RUNPATH_SEARCH_PATHS = (
					"$(inherited)",
					"@executable_path/Frameworks",
				);
				MARKETING_VERSION = 1.0;
				PRODUCT_BUNDLE_IDENTIFIER = "meng.-9th-iOS-week4-homework";
				PRODUCT_NAME = "$(TARGET_NAME)";
				SWIFT_EMIT_LOC_STRINGS = YES;
				SWIFT_VERSION = 5.0;
				TARGETED_DEVICE_FAMILY = "1,2";
			};
			name = Debug;
		};
		6FB48071272C11C0003B9053 /* Release */ = {
			isa = XCBuildConfiguration;
			baseConfigurationReference = 9BB75F5F4665F4A9DBDB2FE9 /* Pods-29th-iOS-week4-homework.release.xcconfig */;
			buildSettings = {
				ASSETCATALOG_COMPILER_APPICON_NAME = AppIcon;
				ASSETCATALOG_COMPILER_GLOBAL_ACCENT_COLOR_NAME = AccentColor;
				CODE_SIGN_STYLE = Automatic;
				CURRENT_PROJECT_VERSION = 1;
				DEVELOPMENT_TEAM = 3FAK98S72C;
				GENERATE_INFOPLIST_FILE = YES;
				INFOPLIST_FILE = "29th-iOS-week4-homework/Support/Info.plist";
				INFOPLIST_KEY_UIApplicationSupportsIndirectInputEvents = YES;
				INFOPLIST_KEY_UILaunchStoryboardName = LaunchScreen;
				INFOPLIST_KEY_UIMainStoryboardFile = Main;
				INFOPLIST_KEY_UISupportedInterfaceOrientations_iPad = "UIInterfaceOrientationPortrait UIInterfaceOrientationPortraitUpsideDown UIInterfaceOrientationLandscapeLeft UIInterfaceOrientationLandscapeRight";
				INFOPLIST_KEY_UISupportedInterfaceOrientations_iPhone = "UIInterfaceOrientationPortrait UIInterfaceOrientationLandscapeLeft UIInterfaceOrientationLandscapeRight";
				LD_RUNPATH_SEARCH_PATHS = (
					"$(inherited)",
					"@executable_path/Frameworks",
				);
				MARKETING_VERSION = 1.0;
				PRODUCT_BUNDLE_IDENTIFIER = "meng.-9th-iOS-week4-homework";
				PRODUCT_NAME = "$(TARGET_NAME)";
				SWIFT_EMIT_LOC_STRINGS = YES;
				SWIFT_VERSION = 5.0;
				TARGETED_DEVICE_FAMILY = "1,2";
			};
			name = Release;
		};
/* End XCBuildConfiguration section */

/* Begin XCConfigurationList section */
		6FB48056272C11BF003B9053 /* Build configuration list for PBXProject "29th-iOS-week4-homework" */ = {
			isa = XCConfigurationList;
			buildConfigurations = (
				6FB4806D272C11C0003B9053 /* Debug */,
				6FB4806E272C11C0003B9053 /* Release */,
			);
			defaultConfigurationIsVisible = 0;
			defaultConfigurationName = Release;
		};
		6FB4806F272C11C0003B9053 /* Build configuration list for PBXNativeTarget "29th-iOS-week4-homework" */ = {
			isa = XCConfigurationList;
			buildConfigurations = (
				6FB48070272C11C0003B9053 /* Debug */,
				6FB48071272C11C0003B9053 /* Release */,
			);
			defaultConfigurationIsVisible = 0;
			defaultConfigurationName = Release;
		};
/* End XCConfigurationList section */
	};
	rootObject = 6FB48053272C11BF003B9053 /* Project object */;
}
